
Microsoft Visual Studio Solution File, Format Version 10.00
# Visual Studio 2008
Project("{FAE04EC0-301F-11D3-BF4B-00C04F79EFBC}") = "pop3hexDecoder", "pop3hexDecoder\pop3hexDecoder.csproj", "{0E966C8B-8C8B-45A3-B126-D19DDFC045AD}"
EndProject
Global
	GlobalSection(SolutionConfigurationPlatforms) = preSolution
		Debug|Any CPU = Debug|Any CPU
		Release|Any CPU = Release|Any CPU
	EndGlobalSection
	GlobalSection(ProjectConfigurationPlatforms) = postSolution
		{0E966C8B-8C8B-45A3-B126-D19DDFC045AD}.Debug|Any CPU.ActiveCfg = Debug|Any CPU
		{0E966C8B-8C8B-45A3-B126-D19DDFC045AD}.Debug|Any CPU.Build.0 = Debug|Any CPU
		{0E966C8B-8C8B-45A3-B126-D19DDFC045AD}.Release|Any CPU.ActiveCfg = Release|Any CPU
		{0E966C8B-8C8B-45A3-B126-D19DDFC045AD}.Release|Any CPU.Build.0 = Release|Any CPU
	EndGlobalSection
	GlobalSection(SolutionProperties) = preSolution
		HideSolutionNode = FALSE
	EndGlobalSection
EndGlobal
